
Microsoft Visual Studio Solution File, Format Version 12.00
# Visual Studio Version 17
VisualStudioVersion = 17.8.34525.116
MinimumVisualStudioVersion = 10.0.40219.1
Project("{FAE04EC0-301F-11D3-BF4B-00C04F79EFBC}") = "ConsoleAppCP01", "ConsoleAppCP01\ConsoleAppCP01.csproj", "{89B2742C-86F6-44E0-8FB2-23B75DE84EE6}"
EndProject
Project("{FAE04EC0-301F-11D3-BF4B-00C04F79EFBC}") = "ClassLibraryCP01", "ClassLibraryCP01\ClassLibraryCP01.csproj", "{437027DC-2154-4614-8A43-DBC14092516D}"
EndProject
Global
	GlobalSection(SolutionConfigurationPlatforms) = preSolution
		Debug|Any CPU = Debug|Any CPU
		Release|Any CPU = Release|Any CPU
	EndGlobalSection
	GlobalSection(ProjectConfigurationPlatforms) = postSolution
		{89B2742C-86F6-44E0-8FB2-23B75DE84EE6}.Debug|Any CPU.ActiveCfg = Debug|Any CPU
		{89B2742C-86F6-44E0-8FB2-23B75DE84EE6}.Debug|Any CPU.Build.0 = Debug|Any CPU
		{89B2742C-86F6-44E0-8FB2-23B75DE84EE6}.Release|Any CPU.ActiveCfg = Release|Any CPU
		{89B2742C-86F6-44E0-8FB2-23B75DE84EE6}.Release|Any CPU.Build.0 = Release|Any CPU
		{437027DC-2154-4614-8A43-DBC14092516D}.Debug|Any CPU.ActiveCfg = Debug|Any CPU
		{437027DC-2154-4614-8A43-DBC14092516D}.Debug|Any CPU.Build.0 = Debug|Any CPU
		{437027DC-2154-4614-8A43-DBC14092516D}.Release|Any CPU.ActiveCfg = Release|Any CPU
		{437027DC-2154-4614-8A43-DBC14092516D}.Release|Any CPU.Build.0 = Release|Any CPU
	EndGlobalSection
	GlobalSection(SolutionProperties) = preSolution
		HideSolutionNode = FALSE
	EndGlobalSection
	GlobalSection(ExtensibilityGlobals) = postSolution
		SolutionGuid = {34254E6F-A125-472B-A7CC-5599CF63712A}
	EndGlobalSection
EndGlobal
